{
  "requires": true,
  "lockfileVersion": 1,
  "dependencies": {
    "sax": {
      "version": "1.2.4",
      "resolved": "http://registry.npm.taobao.org/sax/download/sax-1.2.4.tgz",
      "integrity": "sha1-KBYjTiN4vdxOU1T6tcqold9xANk="
    },
    "xml-js": {
      "version": "1.6.7",
      "resolved": "http://registry.npm.taobao.org/xml-js/download/xml-js-1.6.7.tgz",
      "integrity": "sha1-qZtAwYoW0+BlN7OuAmonvWD/6Ks=",
      "requires": {
        "sax": "1.2.4"
      }
    }
  }
}
